
Microsoft Visual Studio Solution File, Format Version 12.00
Project("{FAE04EC0-301F-11D3-BF4B-00C04F79EFBC}") = "QuizMaths", "QuizMaths\QuizMaths.csproj", "{5F9296D3-9D97-42F8-AEEC-EA4408334A82}"
EndProject
Global
	GlobalSection(SolutionConfigurationPlatforms) = preSolution
		Debug|Any CPU = Debug|Any CPU
		Release|Any CPU = Release|Any CPU
	EndGlobalSection
	GlobalSection(ProjectConfigurationPlatforms) = postSolution
		{5F9296D3-9D97-42F8-AEEC-EA4408334A82}.Debug|Any CPU.ActiveCfg = Debug|Any CPU
		{5F9296D3-9D97-42F8-AEEC-EA4408334A82}.Debug|Any CPU.Build.0 = Debug|Any CPU
		{5F9296D3-9D97-42F8-AEEC-EA4408334A82}.Release|Any CPU.ActiveCfg = Release|Any CPU
		{5F9296D3-9D97-42F8-AEEC-EA4408334A82}.Release|Any CPU.Build.0 = Release|Any CPU
	EndGlobalSection
EndGlobal
